{
  "requires": true,
  "lockfileVersion": 1,
  "dependencies": {
    "@charliewilco/gluejar": {
      "version": "1.0.0",
      "resolved": "https://registry.npmjs.org/@charliewilco/gluejar/-/gluejar-1.0.0.tgz",
      "integrity": "sha512-tVvd/7VPK/3bzqYRxyrbZpG25Nf5jnJs5fUTEp00FKDa4Tk3nucju4pbmdX+h4TsZ9bJZc00iPCdoOiv6pOPOg=="
    }
  }
}
